
Microsoft Visual Studio Solution File, Format Version 11.00
# Visual Studio 2010
Project("{FAE04EC0-301F-11D3-BF4B-00C04F79EFBC}") = "NLog.Targets.GrowlNotify", "NLog.Targets.GrowlNotify\NLog.Targets.GrowlNotify.csproj", "{2540272E-2860-4D1B-9E7E-579F41E7143E}"
EndProject
Global
	GlobalSection(SolutionConfigurationPlatforms) = preSolution
		Debug|Any CPU = Debug|Any CPU
		Release|Any CPU = Release|Any CPU
	EndGlobalSection
	GlobalSection(ProjectConfigurationPlatforms) = postSolution
		{2540272E-2860-4D1B-9E7E-579F41E7143E}.Debug|Any CPU.ActiveCfg = Debug|Any CPU
		{2540272E-2860-4D1B-9E7E-579F41E7143E}.Debug|Any CPU.Build.0 = Debug|Any CPU
		{2540272E-2860-4D1B-9E7E-579F41E7143E}.Release|Any CPU.ActiveCfg = Release|Any CPU
		{2540272E-2860-4D1B-9E7E-579F41E7143E}.Release|Any CPU.Build.0 = Release|Any CPU
	EndGlobalSection
	GlobalSection(SolutionProperties) = preSolution
		HideSolutionNode = FALSE
	EndGlobalSection
EndGlobal
